
Microsoft Visual Studio Solution File, Format Version 12.00
# Visual Studio Version 17
VisualStudioVersion = 17.14.36616.10 d17.14
MinimumVisualStudioVersion = 10.0.40219.1
Project("{FAE04EC0-301F-11D3-BF4B-00C04F79EFBC}") = "Bank System", "Bank System\Bank System.csproj", "{FBECEF04-E258-4D5E-BC52-AA6C05177EE3}"
EndProject
Global
	GlobalSection(SolutionConfigurationPlatforms) = preSolution
		Debug|Any CPU = Debug|Any CPU
		Release|Any CPU = Release|Any CPU
	EndGlobalSection
	GlobalSection(ProjectConfigurationPlatforms) = postSolution
		{FBECEF04-E258-4D5E-BC52-AA6C05177EE3}.Debug|Any CPU.ActiveCfg = Debug|Any CPU
		{FBECEF04-E258-4D5E-BC52-AA6C05177EE3}.Debug|Any CPU.Build.0 = Debug|Any CPU
		{FBECEF04-E258-4D5E-BC52-AA6C05177EE3}.Release|Any CPU.ActiveCfg = Release|Any CPU
		{FBECEF04-E258-4D5E-BC52-AA6C05177EE3}.Release|Any CPU.Build.0 = Release|Any CPU
	EndGlobalSection
	GlobalSection(SolutionProperties) = preSolution
		HideSolutionNode = FALSE
	EndGlobalSection
	GlobalSection(ExtensibilityGlobals) = postSolution
		SolutionGuid = {42B958E3-1BC0-41F7-BC5E-2F0941D6CD3C}
	EndGlobalSection
EndGlobal
